
Microsoft Visual Studio Solution File, Format Version 12.00
# Visual Studio 2012
Project("{FAE04EC0-301F-11D3-BF4B-00C04F79EFBC}") = "Assembly-CSharp-Editor", "Assembly-CSharp-Editor.csproj", "{1DB892D8-D367-FA2E-D0A4-C8BC29067A16}"
EndProject
Global
	GlobalSection(SolutionConfigurationPlatforms) = preSolution
		Debug|Any CPU = Debug|Any CPU
		Release|Any CPU = Release|Any CPU
	EndGlobalSection
	GlobalSection(ProjectConfigurationPlatforms) = postSolution
		{1DB892D8-D367-FA2E-D0A4-C8BC29067A16}.Debug|Any CPU.ActiveCfg = Debug|Any CPU
		{1DB892D8-D367-FA2E-D0A4-C8BC29067A16}.Debug|Any CPU.Build.0 = Debug|Any CPU
		{1DB892D8-D367-FA2E-D0A4-C8BC29067A16}.Release|Any CPU.ActiveCfg = Release|Any CPU
		{1DB892D8-D367-FA2E-D0A4-C8BC29067A16}.Release|Any CPU.Build.0 = Release|Any CPU
	EndGlobalSection
EndGlobal
