Microsoft Visual Studio Solution File, Format Version 11.00
# Visual Studio 2008

Project("{57AA8E07-F5C4-B7E2-4FE7-34A997201AC9}") = "InnocentGirlSummerVacation_", "Assembly-CSharp-firstpass.csproj", "{A758656A-F75C-4ACF-0D00-2E9C4DAA6F45}"
EndProject
Project("{57AA8E07-F5C4-B7E2-4FE7-34A997201AC9}") = "InnocentGirlSummerVacation_", "Assembly-CSharp.csproj", "{D1544316-BCD4-0F70-2CBD-F19FA3D3CCA5}"
EndProject
Project("{57AA8E07-F5C4-B7E2-4FE7-34A997201AC9}") = "InnocentGirlSummerVacation_", "Assembly-CSharp-Editor-firstpass.csproj", "{F77F8F85-E382-7E80-C91F-05025E8DD025}"
EndProject
Global
	GlobalSection(SolutionConfigurationPlatforms) = preSolution
		Debug|Any CPU = Debug|Any CPU
		Release|Any CPU = Release|Any CPU
	EndGlobalSection
	GlobalSection(ProjectConfigurationPlatforms) = postSolution
		{A758656A-F75C-4ACF-0D00-2E9C4DAA6F45}.Debug|Any CPU.ActiveCfg = Debug|Any CPU
		{A758656A-F75C-4ACF-0D00-2E9C4DAA6F45}.Debug|Any CPU.Build.0 = Debug|Any CPU
		{A758656A-F75C-4ACF-0D00-2E9C4DAA6F45}.Release|Any CPU.ActiveCfg = Release|Any CPU
		{A758656A-F75C-4ACF-0D00-2E9C4DAA6F45}.Release|Any CPU.Build.0 = Release|Any CPU
		{D1544316-BCD4-0F70-2CBD-F19FA3D3CCA5}.Debug|Any CPU.ActiveCfg = Debug|Any CPU
		{D1544316-BCD4-0F70-2CBD-F19FA3D3CCA5}.Debug|Any CPU.Build.0 = Debug|Any CPU
		{D1544316-BCD4-0F70-2CBD-F19FA3D3CCA5}.Release|Any CPU.ActiveCfg = Release|Any CPU
		{D1544316-BCD4-0F70-2CBD-F19FA3D3CCA5}.Release|Any CPU.Build.0 = Release|Any CPU
		{F77F8F85-E382-7E80-C91F-05025E8DD025}.Debug|Any CPU.ActiveCfg = Debug|Any CPU
		{F77F8F85-E382-7E80-C91F-05025E8DD025}.Debug|Any CPU.Build.0 = Debug|Any CPU
		{F77F8F85-E382-7E80-C91F-05025E8DD025}.Release|Any CPU.ActiveCfg = Release|Any CPU
		{F77F8F85-E382-7E80-C91F-05025E8DD025}.Release|Any CPU.Build.0 = Release|Any CPU
	EndGlobalSection
	GlobalSection(SolutionProperties) = preSolution
		HideSolutionNode = FALSE
	EndGlobalSection
	GlobalSection(MonoDevelopProperties) = preSolution
		StartupItem = Assembly-CSharp.csproj
	EndGlobalSection
EndGlobal
